
Microsoft Visual Studio Solution File, Format Version 12.00
# Visual Studio Version 16
VisualStudioVersion = 16.0.30114.105
MinimumVisualStudioVersion = 10.0.40219.1
Project("{2150E333-8FDC-42A3-9474-1A3956D46DE8}") = "src", "src", "{47FCCD21-584E-474C-BEBE-4F56FB5D714E}"
EndProject
Project("{FAE04EC0-301F-11D3-BF4B-00C04F79EFBC}") = "Students.Web", "src\Students.Web\Students.Web.csproj", "{C1251998-CF8D-4ADB-866B-07ED5B85D74A}"
EndProject
Project("{FAE04EC0-301F-11D3-BF4B-00C04F79EFBC}") = "Students.Domain", "src\Students.Domain\Students.Domain.csproj", "{7A83F604-795D-4BB3-AEF6-B2CCABF6D12D}"
EndProject
Project("{FAE04EC0-301F-11D3-BF4B-00C04F79EFBC}") = "Students.Infrastructure", "src\Students.Infrastructure\Students.Infrastructure.csproj", "{9937D885-BAA5-4691-B679-E2DCB17B67F3}"
EndProject
Global
	GlobalSection(SolutionConfigurationPlatforms) = preSolution
		Debug|Any CPU = Debug|Any CPU
		Release|Any CPU = Release|Any CPU
	EndGlobalSection
	GlobalSection(SolutionProperties) = preSolution
		HideSolutionNode = FALSE
	EndGlobalSection
	GlobalSection(ProjectConfigurationPlatforms) = postSolution
		{C1251998-CF8D-4ADB-866B-07ED5B85D74A}.Debug|Any CPU.ActiveCfg = Debug|Any CPU
		{C1251998-CF8D-4ADB-866B-07ED5B85D74A}.Debug|Any CPU.Build.0 = Debug|Any CPU
		{C1251998-CF8D-4ADB-866B-07ED5B85D74A}.Release|Any CPU.ActiveCfg = Release|Any CPU
		{C1251998-CF8D-4ADB-866B-07ED5B85D74A}.Release|Any CPU.Build.0 = Release|Any CPU
		{7A83F604-795D-4BB3-AEF6-B2CCABF6D12D}.Debug|Any CPU.ActiveCfg = Debug|Any CPU
		{7A83F604-795D-4BB3-AEF6-B2CCABF6D12D}.Debug|Any CPU.Build.0 = Debug|Any CPU
		{7A83F604-795D-4BB3-AEF6-B2CCABF6D12D}.Release|Any CPU.ActiveCfg = Release|Any CPU
		{7A83F604-795D-4BB3-AEF6-B2CCABF6D12D}.Release|Any CPU.Build.0 = Release|Any CPU
		{9937D885-BAA5-4691-B679-E2DCB17B67F3}.Debug|Any CPU.ActiveCfg = Debug|Any CPU
		{9937D885-BAA5-4691-B679-E2DCB17B67F3}.Debug|Any CPU.Build.0 = Debug|Any CPU
		{9937D885-BAA5-4691-B679-E2DCB17B67F3}.Release|Any CPU.ActiveCfg = Release|Any CPU
		{9937D885-BAA5-4691-B679-E2DCB17B67F3}.Release|Any CPU.Build.0 = Release|Any CPU
	EndGlobalSection
	GlobalSection(NestedProjects) = preSolution
		{C1251998-CF8D-4ADB-866B-07ED5B85D74A} = {47FCCD21-584E-474C-BEBE-4F56FB5D714E}
		{7A83F604-795D-4BB3-AEF6-B2CCABF6D12D} = {47FCCD21-584E-474C-BEBE-4F56FB5D714E}
		{9937D885-BAA5-4691-B679-E2DCB17B67F3} = {47FCCD21-584E-474C-BEBE-4F56FB5D714E}
	EndGlobalSection
EndGlobal
